
Microsoft Visual Studio Solution File, Format Version 12.00
# Visual Studio 15
Project("{FAE04EC0-301F-11D3-BF4B-00C04F79EFBC}") = "FruitWebApi", "FruitWebApi\FruitWebApi.csproj", "{DE40742F-CC60-46B9-9B99-7BEC94E19456}"
EndProject
Global
	GlobalSection(SolutionConfigurationPlatforms) = preSolution
		Debug|Any CPU = Debug|Any CPU
		Release|Any CPU = Release|Any CPU
	EndGlobalSection
	GlobalSection(ProjectConfigurationPlatforms) = postSolution
		{DE40742F-CC60-46B9-9B99-7BEC94E19456}.Debug|Any CPU.ActiveCfg = Debug|Any CPU
		{DE40742F-CC60-46B9-9B99-7BEC94E19456}.Debug|Any CPU.Build.0 = Debug|Any CPU
		{DE40742F-CC60-46B9-9B99-7BEC94E19456}.Release|Any CPU.ActiveCfg = Release|Any CPU
		{DE40742F-CC60-46B9-9B99-7BEC94E19456}.Release|Any CPU.Build.0 = Release|Any CPU
	EndGlobalSection
EndGlobal
